
Microsoft Visual Studio Solution File, Format Version 12.00
# Visual Studio Version 17
VisualStudioVersion = 17.2.32630.192
MinimumVisualStudioVersion = 10.0.40219.1
Project("{2150E333-8FDC-42A3-9474-1A3956D46DE8}") = "UI", "UI", "{1B04DAE0-5634-467F-8941-16675CF9B6E0}"
EndProject
Project("{2150E333-8FDC-42A3-9474-1A3956D46DE8}") = "WebApi", "WebApi", "{057B7A0B-13D7-4D93-BF4D-F44FFE51CFA3}"
EndProject
Project("{9A19103F-16F7-4668-BE54-9A1E7A4F7556}") = "WebApi_Back-End_MinimalApiDemo", "WebApi_Back-End_MinimalApiDemo\WebApi_Back-End_MinimalApiDemo.csproj", "{3112E07D-1908-4527-8CC3-35A67C4854D2}"
EndProject
Project("{2150E333-8FDC-42A3-9474-1A3956D46DE8}") = "Client_Blazor", "Client_Blazor", "{C9529E55-0A96-40D7-9AF4-85B18C9C6ACF}"
EndProject
Project("{2150E333-8FDC-42A3-9474-1A3956D46DE8}") = "Client_Angular", "Client_Angular", "{38C940AE-3F62-4F0A-BAF5-725F672FCC0E}"
EndProject
Project("{2150E333-8FDC-42A3-9474-1A3956D46DE8}") = "Core", "Core", "{55012274-8532-4E69-B4A6-C1D2ED07EFD2}"
EndProject
Project("{2150E333-8FDC-42A3-9474-1A3956D46DE8}") = "Infrastructure", "Infrastructure", "{70751AE8-807C-49F8-951C-F43E83C547B1}"
EndProject
Project("{2150E333-8FDC-42A3-9474-1A3956D46DE8}") = "Services", "Services", "{40E76A23-25D6-4F50-9577-5E7A48CEDA9C}"
EndProject
Project("{2150E333-8FDC-42A3-9474-1A3956D46DE8}") = "Tests", "Tests", "{3B4ACB79-A06F-4EFD-80D3-15275FC0C7D5}"
EndProject
Project("{9A19103F-16F7-4668-BE54-9A1E7A4F7556}") = "Application", "Application\Application.csproj", "{374D495A-DEF0-4B33-AAD8-4C4E49BC0800}"
EndProject
Project("{9A19103F-16F7-4668-BE54-9A1E7A4F7556}") = "Domain", "Domain\Domain.csproj", "{F4C40589-700C-45B9-AD3B-4E79E083F57E}"
EndProject
Project("{9A19103F-16F7-4668-BE54-9A1E7A4F7556}") = "Infrastructure.Persistence", "Infrastructure.Persistence\Infrastructure.Persistence.csproj", "{F0AB5E78-F121-4F31-BA57-323481B1FE7B}"
EndProject
Project("{9A19103F-16F7-4668-BE54-9A1E7A4F7556}") = "Services", "Services\Services.csproj", "{8F0A50A2-70C3-4D0A-8D54-5DBA75173BB8}"
EndProject
Project("{9A19103F-16F7-4668-BE54-9A1E7A4F7556}") = "Client_Blazor_Front-End", "Client_Blazor_Front-End\Client_Blazor_Front-End.csproj", "{4734BED0-37BA-4642-9210-367762248B8E}"
EndProject
Global
	GlobalSection(SolutionConfigurationPlatforms) = preSolution
		Debug|Any CPU = Debug|Any CPU
		Release|Any CPU = Release|Any CPU
	EndGlobalSection
	GlobalSection(ProjectConfigurationPlatforms) = postSolution
		{3112E07D-1908-4527-8CC3-35A67C4854D2}.Debug|Any CPU.ActiveCfg = Debug|Any CPU
		{3112E07D-1908-4527-8CC3-35A67C4854D2}.Debug|Any CPU.Build.0 = Debug|Any CPU
		{3112E07D-1908-4527-8CC3-35A67C4854D2}.Release|Any CPU.ActiveCfg = Release|Any CPU
		{3112E07D-1908-4527-8CC3-35A67C4854D2}.Release|Any CPU.Build.0 = Release|Any CPU
		{374D495A-DEF0-4B33-AAD8-4C4E49BC0800}.Debug|Any CPU.ActiveCfg = Debug|Any CPU
		{374D495A-DEF0-4B33-AAD8-4C4E49BC0800}.Debug|Any CPU.Build.0 = Debug|Any CPU
		{374D495A-DEF0-4B33-AAD8-4C4E49BC0800}.Release|Any CPU.ActiveCfg = Release|Any CPU
		{374D495A-DEF0-4B33-AAD8-4C4E49BC0800}.Release|Any CPU.Build.0 = Release|Any CPU
		{F4C40589-700C-45B9-AD3B-4E79E083F57E}.Debug|Any CPU.ActiveCfg = Debug|Any CPU
		{F4C40589-700C-45B9-AD3B-4E79E083F57E}.Debug|Any CPU.Build.0 = Debug|Any CPU
		{F4C40589-700C-45B9-AD3B-4E79E083F57E}.Release|Any CPU.ActiveCfg = Release|Any CPU
		{F4C40589-700C-45B9-AD3B-4E79E083F57E}.Release|Any CPU.Build.0 = Release|Any CPU
		{F0AB5E78-F121-4F31-BA57-323481B1FE7B}.Debug|Any CPU.ActiveCfg = Debug|Any CPU
		{F0AB5E78-F121-4F31-BA57-323481B1FE7B}.Debug|Any CPU.Build.0 = Debug|Any CPU
		{F0AB5E78-F121-4F31-BA57-323481B1FE7B}.Release|Any CPU.ActiveCfg = Release|Any CPU
		{F0AB5E78-F121-4F31-BA57-323481B1FE7B}.Release|Any CPU.Build.0 = Release|Any CPU
		{8F0A50A2-70C3-4D0A-8D54-5DBA75173BB8}.Debug|Any CPU.ActiveCfg = Debug|Any CPU
		{8F0A50A2-70C3-4D0A-8D54-5DBA75173BB8}.Debug|Any CPU.Build.0 = Debug|Any CPU
		{8F0A50A2-70C3-4D0A-8D54-5DBA75173BB8}.Release|Any CPU.ActiveCfg = Release|Any CPU
		{8F0A50A2-70C3-4D0A-8D54-5DBA75173BB8}.Release|Any CPU.Build.0 = Release|Any CPU
		{4734BED0-37BA-4642-9210-367762248B8E}.Debug|Any CPU.ActiveCfg = Debug|Any CPU
		{4734BED0-37BA-4642-9210-367762248B8E}.Debug|Any CPU.Build.0 = Debug|Any CPU
		{4734BED0-37BA-4642-9210-367762248B8E}.Release|Any CPU.ActiveCfg = Release|Any CPU
		{4734BED0-37BA-4642-9210-367762248B8E}.Release|Any CPU.Build.0 = Release|Any CPU
	EndGlobalSection
	GlobalSection(SolutionProperties) = preSolution
		HideSolutionNode = FALSE
	EndGlobalSection
	GlobalSection(NestedProjects) = preSolution
		{057B7A0B-13D7-4D93-BF4D-F44FFE51CFA3} = {1B04DAE0-5634-467F-8941-16675CF9B6E0}
		{3112E07D-1908-4527-8CC3-35A67C4854D2} = {057B7A0B-13D7-4D93-BF4D-F44FFE51CFA3}
		{C9529E55-0A96-40D7-9AF4-85B18C9C6ACF} = {1B04DAE0-5634-467F-8941-16675CF9B6E0}
		{38C940AE-3F62-4F0A-BAF5-725F672FCC0E} = {1B04DAE0-5634-467F-8941-16675CF9B6E0}
		{374D495A-DEF0-4B33-AAD8-4C4E49BC0800} = {55012274-8532-4E69-B4A6-C1D2ED07EFD2}
		{F4C40589-700C-45B9-AD3B-4E79E083F57E} = {55012274-8532-4E69-B4A6-C1D2ED07EFD2}
		{F0AB5E78-F121-4F31-BA57-323481B1FE7B} = {70751AE8-807C-49F8-951C-F43E83C547B1}
		{8F0A50A2-70C3-4D0A-8D54-5DBA75173BB8} = {40E76A23-25D6-4F50-9577-5E7A48CEDA9C}
		{4734BED0-37BA-4642-9210-367762248B8E} = {C9529E55-0A96-40D7-9AF4-85B18C9C6ACF}
	EndGlobalSection
	GlobalSection(ExtensibilityGlobals) = postSolution
		SolutionGuid = {0824A95D-2123-46AE-8CDF-462AB661E455}
	EndGlobalSection
EndGlobal
